
Microsoft Visual Studio Solution File, Format Version 12.00
# Visual Studio 14
VisualStudioVersion = 14.0.24720.0
MinimumVisualStudioVersion = 10.0.40219.1
Project("{FAE04EC0-301F-11D3-BF4B-00C04F79EFBC}") = "StackInheritanceLibrary", "StackInheritanceLibrary\StackInheritanceLibrary.csproj", "{5EB426AB-9653-4049-A1B9-A9D95770F593}"
EndProject
Global
	GlobalSection(SolutionConfigurationPlatforms) = preSolution
		Debug|Any CPU = Debug|Any CPU
		Release|Any CPU = Release|Any CPU
	EndGlobalSection
	GlobalSection(ProjectConfigurationPlatforms) = postSolution
		{5EB426AB-9653-4049-A1B9-A9D95770F593}.Debug|Any CPU.ActiveCfg = Debug|Any CPU
		{5EB426AB-9653-4049-A1B9-A9D95770F593}.Debug|Any CPU.Build.0 = Debug|Any CPU
		{5EB426AB-9653-4049-A1B9-A9D95770F593}.Release|Any CPU.ActiveCfg = Release|Any CPU
		{5EB426AB-9653-4049-A1B9-A9D95770F593}.Release|Any CPU.Build.0 = Release|Any CPU
	EndGlobalSection
	GlobalSection(SolutionProperties) = preSolution
		HideSolutionNode = FALSE
	EndGlobalSection
EndGlobal
