
Microsoft Visual Studio Solution File, Format Version 12.00
# Visual Studio 14
VisualStudioVersion = 14.0.24720.0
MinimumVisualStudioVersion = 10.0.40219.1
Project("{FAE04EC0-301F-11D3-BF4B-00C04F79EFBC}") = "Interest", "Interest\Interest.csproj", "{0F1F6101-A93C-444A-9317-6D58D4958FF3}"
EndProject
Global
	GlobalSection(SolutionConfigurationPlatforms) = preSolution
		Debug|Any CPU = Debug|Any CPU
		Release|Any CPU = Release|Any CPU
	EndGlobalSection
	GlobalSection(ProjectConfigurationPlatforms) = postSolution
		{0F1F6101-A93C-444A-9317-6D58D4958FF3}.Debug|Any CPU.ActiveCfg = Debug|Any CPU
		{0F1F6101-A93C-444A-9317-6D58D4958FF3}.Debug|Any CPU.Build.0 = Debug|Any CPU
		{0F1F6101-A93C-444A-9317-6D58D4958FF3}.Release|Any CPU.ActiveCfg = Release|Any CPU
		{0F1F6101-A93C-444A-9317-6D58D4958FF3}.Release|Any CPU.Build.0 = Release|Any CPU
	EndGlobalSection
	GlobalSection(SolutionProperties) = preSolution
		HideSolutionNode = FALSE
	EndGlobalSection
EndGlobal
