
Microsoft Visual Studio Solution File, Format Version 12.00
# Visual Studio 14
VisualStudioVersion = 14.0.24720.0
MinimumVisualStudioVersion = 10.0.40219.1
Project("{FAE04EC0-301F-11D3-BF4B-00C04F79EFBC}") = "OverloadedMethods", "OverloadedMethods\OverloadedMethods.csproj", "{18DCE838-6D8B-4AFD-A71D-1585BC5CED90}"
EndProject
Global
	GlobalSection(SolutionConfigurationPlatforms) = preSolution
		Debug|Any CPU = Debug|Any CPU
		Release|Any CPU = Release|Any CPU
	EndGlobalSection
	GlobalSection(ProjectConfigurationPlatforms) = postSolution
		{18DCE838-6D8B-4AFD-A71D-1585BC5CED90}.Debug|Any CPU.ActiveCfg = Debug|Any CPU
		{18DCE838-6D8B-4AFD-A71D-1585BC5CED90}.Debug|Any CPU.Build.0 = Debug|Any CPU
		{18DCE838-6D8B-4AFD-A71D-1585BC5CED90}.Release|Any CPU.ActiveCfg = Release|Any CPU
		{18DCE838-6D8B-4AFD-A71D-1585BC5CED90}.Release|Any CPU.Build.0 = Release|Any CPU
	EndGlobalSection
	GlobalSection(SolutionProperties) = preSolution
		HideSolutionNode = FALSE
	EndGlobalSection
EndGlobal
