
Microsoft Visual Studio Solution File, Format Version 12.00
# Visual Studio 14
VisualStudioVersion = 14.0.24720.0
MinimumVisualStudioVersion = 10.0.40219.1
Project("{FAE04EC0-301F-11D3-BF4B-00C04F79EFBC}") = "ThisTest", "ThisTest\ThisTest.csproj", "{D5E4984D-483D-4E31-82DD-296CE592D374}"
EndProject
Global
	GlobalSection(SolutionConfigurationPlatforms) = preSolution
		Debug|Any CPU = Debug|Any CPU
		Release|Any CPU = Release|Any CPU
	EndGlobalSection
	GlobalSection(ProjectConfigurationPlatforms) = postSolution
		{D5E4984D-483D-4E31-82DD-296CE592D374}.Debug|Any CPU.ActiveCfg = Debug|Any CPU
		{D5E4984D-483D-4E31-82DD-296CE592D374}.Debug|Any CPU.Build.0 = Debug|Any CPU
		{D5E4984D-483D-4E31-82DD-296CE592D374}.Release|Any CPU.ActiveCfg = Release|Any CPU
		{D5E4984D-483D-4E31-82DD-296CE592D374}.Release|Any CPU.Build.0 = Release|Any CPU
	EndGlobalSection
	GlobalSection(SolutionProperties) = preSolution
		HideSolutionNode = FALSE
	EndGlobalSection
EndGlobal
