
Microsoft Visual Studio Solution File, Format Version 12.00
# Visual Studio 14
VisualStudioVersion = 14.0.24720.0
MinimumVisualStudioVersion = 10.0.40219.1
Project("{FAE04EC0-301F-11D3-BF4B-00C04F79EFBC}") = "BarChart", "BarChart\BarChart.csproj", "{572591E8-FC35-4442-BBD8-26DAD3C0A324}"
EndProject
Global
	GlobalSection(SolutionConfigurationPlatforms) = preSolution
		Debug|Any CPU = Debug|Any CPU
		Release|Any CPU = Release|Any CPU
	EndGlobalSection
	GlobalSection(ProjectConfigurationPlatforms) = postSolution
		{572591E8-FC35-4442-BBD8-26DAD3C0A324}.Debug|Any CPU.ActiveCfg = Debug|Any CPU
		{572591E8-FC35-4442-BBD8-26DAD3C0A324}.Debug|Any CPU.Build.0 = Debug|Any CPU
		{572591E8-FC35-4442-BBD8-26DAD3C0A324}.Release|Any CPU.ActiveCfg = Release|Any CPU
		{572591E8-FC35-4442-BBD8-26DAD3C0A324}.Release|Any CPU.Build.0 = Release|Any CPU
	EndGlobalSection
	GlobalSection(SolutionProperties) = preSolution
		HideSolutionNode = FALSE
	EndGlobalSection
EndGlobal
