
Microsoft Visual Studio Solution File, Format Version 12.00
# Visual Studio 14
VisualStudioVersion = 14.0.24720.0
MinimumVisualStudioVersion = 10.0.40219.1
Project("{FAE04EC0-301F-11D3-BF4B-00C04F79EFBC}") = "UsingBrushes", "UsingBrushes\UsingBrushes.csproj", "{C378A38C-6E1C-48CF-AA9A-592C3658185C}"
EndProject
Global
	GlobalSection(SolutionConfigurationPlatforms) = preSolution
		Debug|Any CPU = Debug|Any CPU
		Release|Any CPU = Release|Any CPU
	EndGlobalSection
	GlobalSection(ProjectConfigurationPlatforms) = postSolution
		{C378A38C-6E1C-48CF-AA9A-592C3658185C}.Debug|Any CPU.ActiveCfg = Debug|Any CPU
		{C378A38C-6E1C-48CF-AA9A-592C3658185C}.Debug|Any CPU.Build.0 = Debug|Any CPU
		{C378A38C-6E1C-48CF-AA9A-592C3658185C}.Release|Any CPU.ActiveCfg = Release|Any CPU
		{C378A38C-6E1C-48CF-AA9A-592C3658185C}.Release|Any CPU.Build.0 = Release|Any CPU
	EndGlobalSection
	GlobalSection(SolutionProperties) = preSolution
		HideSolutionNode = FALSE
	EndGlobalSection
EndGlobal
