
Microsoft Visual Studio Solution File, Format Version 12.00
# Visual Studio 14
VisualStudioVersion = 14.0.24720.0
MinimumVisualStudioVersion = 10.0.40219.1
Project("{FAE04EC0-301F-11D3-BF4B-00C04F79EFBC}") = "CalculatePowers", "CalculatePowers\CalculatePowers.csproj", "{A349A8FF-6290-46CE-8638-D4EE7B81057A}"
EndProject
Global
	GlobalSection(SolutionConfigurationPlatforms) = preSolution
		Debug|Any CPU = Debug|Any CPU
		Release|Any CPU = Release|Any CPU
	EndGlobalSection
	GlobalSection(ProjectConfigurationPlatforms) = postSolution
		{A349A8FF-6290-46CE-8638-D4EE7B81057A}.Debug|Any CPU.ActiveCfg = Debug|Any CPU

		{A349A8FF-6290-46CE-8638-D4EE7B81057A}.Debug|Any CPU.Build.0 = Debug|Any CPU

		{A349A8FF-6290-46CE-8638-D4EE7B81057A}.Release|Any CPU.ActiveCfg = Release|x86
	EndGlobalSection
	GlobalSection(SolutionProperties) = preSolution
		HideSolutionNode = FALSE
	EndGlobalSection
EndGlobal
