
Microsoft Visual Studio Solution File, Format Version 12.00
# Visual Studio 14
VisualStudioVersion = 14.0.24720.0
MinimumVisualStudioVersion = 10.0.40219.1
Project("{FAE04EC0-301F-11D3-BF4B-00C04F79EFBC}") = "StringBuilderInsertRemove", "StringBuilderInsertRemove\StringBuilderInsertRemove.csproj", "{FF4E9971-0AF6-4125-B4AA-88632F9F2ACD}"
EndProject
Global
	GlobalSection(SolutionConfigurationPlatforms) = preSolution
		Debug|Any CPU = Debug|Any CPU
		Release|Any CPU = Release|Any CPU
	EndGlobalSection
	GlobalSection(ProjectConfigurationPlatforms) = postSolution
		{FF4E9971-0AF6-4125-B4AA-88632F9F2ACD}.Debug|Any CPU.ActiveCfg = Debug|Any CPU
		{FF4E9971-0AF6-4125-B4AA-88632F9F2ACD}.Debug|Any CPU.Build.0 = Debug|Any CPU
		{FF4E9971-0AF6-4125-B4AA-88632F9F2ACD}.Release|Any CPU.ActiveCfg = Release|Any CPU
		{FF4E9971-0AF6-4125-B4AA-88632F9F2ACD}.Release|Any CPU.Build.0 = Release|Any CPU
	EndGlobalSection
	GlobalSection(SolutionProperties) = preSolution
		HideSolutionNode = FALSE
	EndGlobalSection
EndGlobal
