
Microsoft Visual Studio Solution File, Format Version 12.00
# Visual Studio 14
VisualStudioVersion = 14.0.24720.0
MinimumVisualStudioVersion = 10.0.40219.1
Project("{FAE04EC0-301F-11D3-BF4B-00C04F79EFBC}") = "Stack", "Stack\Stack.csproj", "{28F2BB7F-6B13-4ACB-9B61-C41E4DF99CED}"
EndProject
Global
	GlobalSection(SolutionConfigurationPlatforms) = preSolution
		Debug|Any CPU = Debug|Any CPU
		Release|Any CPU = Release|Any CPU
	EndGlobalSection
	GlobalSection(ProjectConfigurationPlatforms) = postSolution
		{28F2BB7F-6B13-4ACB-9B61-C41E4DF99CED}.Debug|Any CPU.ActiveCfg = Debug|Any CPU
		{28F2BB7F-6B13-4ACB-9B61-C41E4DF99CED}.Debug|Any CPU.Build.0 = Debug|Any CPU
		{28F2BB7F-6B13-4ACB-9B61-C41E4DF99CED}.Release|Any CPU.ActiveCfg = Release|Any CPU
		{28F2BB7F-6B13-4ACB-9B61-C41E4DF99CED}.Release|Any CPU.Build.0 = Release|Any CPU
	EndGlobalSection
	GlobalSection(SolutionProperties) = preSolution
		HideSolutionNode = FALSE
	EndGlobalSection
EndGlobal
