
Microsoft Visual Studio Solution File, Format Version 12.00
# Visual Studio 14
VisualStudioVersion = 14.0.24720.0
MinimumVisualStudioVersion = 10.0.40219.1
Project("{FAE04EC0-301F-11D3-BF4B-00C04F79EFBC}") = "StringBuilderReplace", "StringBuilderReplace\StringBuilderReplace.csproj", "{BB3D5FEE-6FE0-4050-9E50-A5A0FBB994BE}"
EndProject
Global
	GlobalSection(SolutionConfigurationPlatforms) = preSolution
		Debug|Any CPU = Debug|Any CPU
		Release|Any CPU = Release|Any CPU
	EndGlobalSection
	GlobalSection(ProjectConfigurationPlatforms) = postSolution
		{BB3D5FEE-6FE0-4050-9E50-A5A0FBB994BE}.Debug|Any CPU.ActiveCfg = Debug|Any CPU
		{BB3D5FEE-6FE0-4050-9E50-A5A0FBB994BE}.Debug|Any CPU.Build.0 = Debug|Any CPU
		{BB3D5FEE-6FE0-4050-9E50-A5A0FBB994BE}.Release|Any CPU.ActiveCfg = Release|Any CPU
		{BB3D5FEE-6FE0-4050-9E50-A5A0FBB994BE}.Release|Any CPU.Build.0 = Release|Any CPU
	EndGlobalSection
	GlobalSection(SolutionProperties) = preSolution
		HideSolutionNode = FALSE
	EndGlobalSection
EndGlobal
