
Microsoft Visual Studio Solution File, Format Version 12.00
# Visual Studio 14
VisualStudioVersion = 14.0.24720.0
MinimumVisualStudioVersion = 10.0.40219.1
Project("{FAE04EC0-301F-11D3-BF4B-00C04F79EFBC}") = "CreditInquiry", "CreditInquiry\CreditInquiry.csproj", "{2E98C3E1-EEA1-4D75-838E-621F4B882FEF}"
EndProject
Global
	GlobalSection(SolutionConfigurationPlatforms) = preSolution
		Debug|Any CPU = Debug|Any CPU
		Release|Any CPU = Release|Any CPU
	EndGlobalSection
	GlobalSection(ProjectConfigurationPlatforms) = postSolution
		{2E98C3E1-EEA1-4D75-838E-621F4B882FEF}.Debug|Any CPU.ActiveCfg = Debug|Any CPU
		{2E98C3E1-EEA1-4D75-838E-621F4B882FEF}.Debug|Any CPU.Build.0 = Debug|Any CPU
		{2E98C3E1-EEA1-4D75-838E-621F4B882FEF}.Release|Any CPU.ActiveCfg = Release|Any CPU
		{2E98C3E1-EEA1-4D75-838E-621F4B882FEF}.Release|Any CPU.Build.0 = Release|Any CPU
	EndGlobalSection
	GlobalSection(SolutionProperties) = preSolution
		HideSolutionNode = FALSE
	EndGlobalSection
EndGlobal
